
Microsoft Visual Studio Solution File, Format Version 12.00
# Visual Studio Version 17
VisualStudioVersion = 17.4.33205.214
MinimumVisualStudioVersion = 10.0.40219.1
Project("{9A19103F-16F7-4668-BE54-9A1E7A4F7556}") = "Calceus.Server", "Calceus\Server\Calceus.Server.csproj", "{FDE03717-6A37-4490-B422-FDCADB6DA627}"
EndProject
Project("{9A19103F-16F7-4668-BE54-9A1E7A4F7556}") = "Calceus.Client", "Calceus\Client\Calceus.Client.csproj", "{2A009D00-A38E-4F53-A748-1633CD5A0674}"
EndProject
Project("{9A19103F-16F7-4668-BE54-9A1E7A4F7556}") = "Calceus.Shared", "Calceus\Shared\Calceus.Shared.csproj", "{90E57BF2-A23C-4ECD-AA75-D45B082ADA64}"
EndProject
Global
	GlobalSection(SolutionConfigurationPlatforms) = preSolution
		Debug|Any CPU = Debug|Any CPU
		Release|Any CPU = Release|Any CPU
	EndGlobalSection
	GlobalSection(ProjectConfigurationPlatforms) = postSolution
		{FDE03717-6A37-4490-B422-FDCADB6DA627}.Debug|Any CPU.ActiveCfg = Debug|Any CPU
		{FDE03717-6A37-4490-B422-FDCADB6DA627}.Debug|Any CPU.Build.0 = Debug|Any CPU
		{FDE03717-6A37-4490-B422-FDCADB6DA627}.Release|Any CPU.ActiveCfg = Release|Any CPU
		{FDE03717-6A37-4490-B422-FDCADB6DA627}.Release|Any CPU.Build.0 = Release|Any CPU
		{2A009D00-A38E-4F53-A748-1633CD5A0674}.Debug|Any CPU.ActiveCfg = Debug|Any CPU
		{2A009D00-A38E-4F53-A748-1633CD5A0674}.Debug|Any CPU.Build.0 = Debug|Any CPU
		{2A009D00-A38E-4F53-A748-1633CD5A0674}.Release|Any CPU.ActiveCfg = Release|Any CPU
		{2A009D00-A38E-4F53-A748-1633CD5A0674}.Release|Any CPU.Build.0 = Release|Any CPU
		{90E57BF2-A23C-4ECD-AA75-D45B082ADA64}.Debug|Any CPU.ActiveCfg = Debug|Any CPU
		{90E57BF2-A23C-4ECD-AA75-D45B082ADA64}.Debug|Any CPU.Build.0 = Debug|Any CPU
		{90E57BF2-A23C-4ECD-AA75-D45B082ADA64}.Release|Any CPU.ActiveCfg = Release|Any CPU
		{90E57BF2-A23C-4ECD-AA75-D45B082ADA64}.Release|Any CPU.Build.0 = Release|Any CPU
	EndGlobalSection
	GlobalSection(SolutionProperties) = preSolution
		HideSolutionNode = FALSE
	EndGlobalSection
	GlobalSection(ExtensibilityGlobals) = postSolution
		SolutionGuid = {EBAF86B4-E861-4E1F-915C-C8BE20F01008}
	EndGlobalSection
EndGlobal
